
Microsoft Visual Studio Solution File, Format Version 12.00
# Visual Studio Version 16
VisualStudioVersion = 16.0.31911.196
MinimumVisualStudioVersion = 10.0.40219.1
Project("{FAE04EC0-301F-11D3-BF4B-00C04F79EFBC}") = "bir kelime büyük bir kelime kücük nasıl yapılır", "bir kelime büyük bir kelime kücük nasıl yapılır.csproj", "{3D2BE29C-BC97-42F9-9415-078470B5B9B0}"
EndProject
Global
	GlobalSection(SolutionConfigurationPlatforms) = preSolution
		Debug|Any CPU = Debug|Any CPU
		Release|Any CPU = Release|Any CPU
	EndGlobalSection
	GlobalSection(ProjectConfigurationPlatforms) = postSolution
		{3D2BE29C-BC97-42F9-9415-078470B5B9B0}.Debug|Any CPU.ActiveCfg = Debug|Any CPU
		{3D2BE29C-BC97-42F9-9415-078470B5B9B0}.Debug|Any CPU.Build.0 = Debug|Any CPU
		{3D2BE29C-BC97-42F9-9415-078470B5B9B0}.Release|Any CPU.ActiveCfg = Release|Any CPU
		{3D2BE29C-BC97-42F9-9415-078470B5B9B0}.Release|Any CPU.Build.0 = Release|Any CPU
	EndGlobalSection
	GlobalSection(SolutionProperties) = preSolution
		HideSolutionNode = FALSE
	EndGlobalSection
	GlobalSection(ExtensibilityGlobals) = postSolution
		SolutionGuid = {9EC9872D-2E6C-42B9-AB7A-50D44A5B732C}
	EndGlobalSection
EndGlobal
